
Microsoft Visual Studio Solution File, Format Version 12.00
# Visual Studio Version 17
VisualStudioVersion = 17.0.31903.59
MinimumVisualStudioVersion = 10.0.40219.1
Project("{9A19103F-16F7-4668-BE54-9A1E7A4F7556}") = "ReactBffProxy.Server", "src\Server\ReactBffProxy.Server.csproj", "{37DFADAA-3CEC-4DC2-919F-D721E6762108}"
	ProjectSection(ProjectDependencies) = postProject
		{665B3F0D-C2B7-4BF4-9333-E1794EEB201A} = {665B3F0D-C2B7-4BF4-9333-E1794EEB201A}
	EndProjectSection
EndProject
Project("{2150E333-8FDC-42A3-9474-1A3956D46DE8}") = "Server", "Server", "{87B9E613-D19F-4F9C-93F4-7037DA5844CB}"
EndProject
Project("{9A19103F-16F7-4668-BE54-9A1E7A4F7556}") = "ReactBffProxy.Shared", "src\Shared\ReactBffProxy.Shared.csproj", "{665B3F0D-C2B7-4BF4-9333-E1794EEB201A}"
EndProject
Global
	GlobalSection(SolutionConfigurationPlatforms) = preSolution
		Debug|Any CPU = Debug|Any CPU
		Release|Any CPU = Release|Any CPU
	EndGlobalSection
	GlobalSection(ProjectConfigurationPlatforms) = postSolution
		{37DFADAA-3CEC-4DC2-919F-D721E6762108}.Debug|Any CPU.ActiveCfg = Debug|Any CPU
		{37DFADAA-3CEC-4DC2-919F-D721E6762108}.Debug|Any CPU.Build.0 = Debug|Any CPU
		{37DFADAA-3CEC-4DC2-919F-D721E6762108}.Release|Any CPU.ActiveCfg = Release|Any CPU
		{37DFADAA-3CEC-4DC2-919F-D721E6762108}.Release|Any CPU.Build.0 = Release|Any CPU
		{665B3F0D-C2B7-4BF4-9333-E1794EEB201A}.Debug|Any CPU.ActiveCfg = Debug|Any CPU
		{665B3F0D-C2B7-4BF4-9333-E1794EEB201A}.Debug|Any CPU.Build.0 = Debug|Any CPU
		{665B3F0D-C2B7-4BF4-9333-E1794EEB201A}.Release|Any CPU.ActiveCfg = Release|Any CPU
		{665B3F0D-C2B7-4BF4-9333-E1794EEB201A}.Release|Any CPU.Build.0 = Release|Any CPU
	EndGlobalSection
	GlobalSection(SolutionProperties) = preSolution
		HideSolutionNode = FALSE
	EndGlobalSection
	GlobalSection(NestedProjects) = preSolution
		{37DFADAA-3CEC-4DC2-919F-D721E6762108} = {87B9E613-D19F-4F9C-93F4-7037DA5844CB}
	EndGlobalSection
	GlobalSection(ExtensibilityGlobals) = postSolution
		SolutionGuid = {6DBF8473-06FC-43AF-A14F-41F17AB93C7A}
	EndGlobalSection
EndGlobal
